
Microsoft Visual Studio Solution File, Format Version 12.00
# Visual Studio 15
VisualStudioVersion = 15.0.26124.0
MinimumVisualStudioVersion = 15.0.26124.0
Project("{FAE04EC0-301F-11D3-BF4B-00C04F79EFBC}") = "Lecs", "Lecs\Lecs.csproj", "{79EF3116-4549-4003-88AA-C06A82D44BC8}"
EndProject
Project("{FAE04EC0-301F-11D3-BF4B-00C04F79EFBC}") = "Lecs.Tests", "Lecs.Tests\Lecs.Tests.csproj", "{858145C3-E924-4A42-8139-D7A99ECF67A6}"
EndProject
Project("{FAE04EC0-301F-11D3-BF4B-00C04F79EFBC}") = "Lecs.Benchmark", "Lecs.Benchmark\Lecs.Benchmark.csproj", "{802F070F-6A73-443E-9027-ADD248B686B5}"
EndProject
Global
	GlobalSection(SolutionConfigurationPlatforms) = preSolution
		Debug|Any CPU = Debug|Any CPU
		Debug|x64 = Debug|x64
		Debug|x86 = Debug|x86
		Release|Any CPU = Release|Any CPU
		Release|x64 = Release|x64
		Release|x86 = Release|x86
	EndGlobalSection
	GlobalSection(SolutionProperties) = preSolution
		HideSolutionNode = FALSE
	EndGlobalSection
	GlobalSection(ProjectConfigurationPlatforms) = postSolution
		{79EF3116-4549-4003-88AA-C06A82D44BC8}.Debug|Any CPU.ActiveCfg = Debug|Any CPU
		{79EF3116-4549-4003-88AA-C06A82D44BC8}.Debug|Any CPU.Build.0 = Debug|Any CPU
		{79EF3116-4549-4003-88AA-C06A82D44BC8}.Debug|x64.ActiveCfg = Debug|Any CPU
		{79EF3116-4549-4003-88AA-C06A82D44BC8}.Debug|x64.Build.0 = Debug|Any CPU
		{79EF3116-4549-4003-88AA-C06A82D44BC8}.Debug|x86.ActiveCfg = Debug|Any CPU
		{79EF3116-4549-4003-88AA-C06A82D44BC8}.Debug|x86.Build.0 = Debug|Any CPU
		{79EF3116-4549-4003-88AA-C06A82D44BC8}.Release|Any CPU.ActiveCfg = Release|Any CPU
		{79EF3116-4549-4003-88AA-C06A82D44BC8}.Release|Any CPU.Build.0 = Release|Any CPU
		{79EF3116-4549-4003-88AA-C06A82D44BC8}.Release|x64.ActiveCfg = Release|Any CPU
		{79EF3116-4549-4003-88AA-C06A82D44BC8}.Release|x64.Build.0 = Release|Any CPU
		{79EF3116-4549-4003-88AA-C06A82D44BC8}.Release|x86.ActiveCfg = Release|Any CPU
		{79EF3116-4549-4003-88AA-C06A82D44BC8}.Release|x86.Build.0 = Release|Any CPU
		{858145C3-E924-4A42-8139-D7A99ECF67A6}.Debug|Any CPU.ActiveCfg = Debug|Any CPU
		{858145C3-E924-4A42-8139-D7A99ECF67A6}.Debug|Any CPU.Build.0 = Debug|Any CPU
		{858145C3-E924-4A42-8139-D7A99ECF67A6}.Debug|x64.ActiveCfg = Debug|Any CPU
		{858145C3-E924-4A42-8139-D7A99ECF67A6}.Debug|x64.Build.0 = Debug|Any CPU
		{858145C3-E924-4A42-8139-D7A99ECF67A6}.Debug|x86.ActiveCfg = Debug|Any CPU
		{858145C3-E924-4A42-8139-D7A99ECF67A6}.Debug|x86.Build.0 = Debug|Any CPU
		{858145C3-E924-4A42-8139-D7A99ECF67A6}.Release|Any CPU.ActiveCfg = Release|Any CPU
		{858145C3-E924-4A42-8139-D7A99ECF67A6}.Release|Any CPU.Build.0 = Release|Any CPU
		{858145C3-E924-4A42-8139-D7A99ECF67A6}.Release|x64.ActiveCfg = Release|Any CPU
		{858145C3-E924-4A42-8139-D7A99ECF67A6}.Release|x64.Build.0 = Release|Any CPU
		{858145C3-E924-4A42-8139-D7A99ECF67A6}.Release|x86.ActiveCfg = Release|Any CPU
		{858145C3-E924-4A42-8139-D7A99ECF67A6}.Release|x86.Build.0 = Release|Any CPU
		{802F070F-6A73-443E-9027-ADD248B686B5}.Debug|Any CPU.ActiveCfg = Debug|Any CPU
		{802F070F-6A73-443E-9027-ADD248B686B5}.Debug|Any CPU.Build.0 = Debug|Any CPU
		{802F070F-6A73-443E-9027-ADD248B686B5}.Debug|x64.ActiveCfg = Debug|Any CPU
		{802F070F-6A73-443E-9027-ADD248B686B5}.Debug|x64.Build.0 = Debug|Any CPU
		{802F070F-6A73-443E-9027-ADD248B686B5}.Debug|x86.ActiveCfg = Debug|Any CPU
		{802F070F-6A73-443E-9027-ADD248B686B5}.Debug|x86.Build.0 = Debug|Any CPU
		{802F070F-6A73-443E-9027-ADD248B686B5}.Release|Any CPU.ActiveCfg = Release|Any CPU
		{802F070F-6A73-443E-9027-ADD248B686B5}.Release|Any CPU.Build.0 = Release|Any CPU
		{802F070F-6A73-443E-9027-ADD248B686B5}.Release|x64.ActiveCfg = Release|Any CPU
		{802F070F-6A73-443E-9027-ADD248B686B5}.Release|x64.Build.0 = Release|Any CPU
		{802F070F-6A73-443E-9027-ADD248B686B5}.Release|x86.ActiveCfg = Release|Any CPU
		{802F070F-6A73-443E-9027-ADD248B686B5}.Release|x86.Build.0 = Release|Any CPU
	EndGlobalSection
EndGlobal
